// !$*UTF8*$!
{
	archiveVersion = 1;
	classes = {
	};
	objectVersion = 56;
	objects = {

/* Begin PBXBuildFile section */
		BD43B4AE2A78269B008239BB /* About Us.swift in Sources */ = {isa = PBXBuildFile; fileRef = BD43B4AD2A78269B008239BB /* About Us.swift */; };
		BD43B4B32A783BCC008239BB /* biology.swift in Sources */ = {isa = PBXBuildFile; fileRef = BD43B4B22A783BCC008239BB /* biology.swift */; };
		BD43B4B52A783C2C008239BB /* chemistry.swift in Sources */ = {isa = PBXBuildFile; fileRef = BD43B4B42A783C2C008239BB /* chemistry.swift */; };
		BD43B4B72A783D12008239BB /* physics.swift in Sources */ = {isa = PBXBuildFile; fileRef = BD43B4B62A783D12008239BB /* physics.swift */; };
		BD43B4B92A783D1E008239BB /* astronomy.swift in Sources */ = {isa = PBXBuildFile; fileRef = BD43B4B82A783D1E008239BB /* astronomy.swift */; };
		BD43B4BB2A783D34008239BB /* comp_sci.swift in Sources */ = {isa = PBXBuildFile; fileRef = BD43B4BA2A783D34008239BB /* comp_sci.swift */; };
		BD43B4BD2A783D48008239BB /* ai.swift in Sources */ = {isa = PBXBuildFile; fileRef = BD43B4BC2A783D48008239BB /* ai.swift */; };
		BD43B4C32A783DFE008239BB /* virtual_reality.swift in Sources */ = {isa = PBXBuildFile; fileRef = BD43B4C22A783DFE008239BB /* virtual_reality.swift */; };
		BD43B4C52A783E0A008239BB /* data_science.swift in Sources */ = {isa = PBXBuildFile; fileRef = BD43B4C42A783E0A008239BB /* data_science.swift */; };
		BD43B4C72A783E15008239BB /* cybersecurity.swift in Sources */ = {isa = PBXBuildFile; fileRef = BD43B4C62A783E15008239BB /* cybersecurity.swift */; };
		BD43B4C92A783E25008239BB /* chem_eng.swift in Sources */ = {isa = PBXBuildFile; fileRef = BD43B4C82A783E25008239BB /* chem_eng.swift */; };
		BD43B4CB2A783E30008239BB /* civil_eng.swift in Sources */ = {isa = PBXBuildFile; fileRef = BD43B4CA2A783E30008239BB /* civil_eng.swift */; };
		BD43B4CD2A783E3E008239BB /* electric_eng.swift in Sources */ = {isa = PBXBuildFile; fileRef = BD43B4CC2A783E3E008239BB /* electric_eng.swift */; };
		BD43B4CF2A783E49008239BB /* mech_eng.swift in Sources */ = {isa = PBXBuildFile; fileRef = BD43B4CE2A783E49008239BB /* mech_eng.swift */; };
		BD43B4D12A783E5B008239BB /* algebra.swift in Sources */ = {isa = PBXBuildFile; fileRef = BD43B4D02A783E5B008239BB /* algebra.swift */; };
		BD43B4D32A783E67008239BB /* geometry.swift in Sources */ = {isa = PBXBuildFile; fileRef = BD43B4D22A783E67008239BB /* geometry.swift */; };
		BD43B4D52A783E71008239BB /* calculus.swift in Sources */ = {isa = PBXBuildFile; fileRef = BD43B4D42A783E71008239BB /* calculus.swift */; };
		BD43B4D72A783E8F008239BB /* statistics.swift in Sources */ = {isa = PBXBuildFile; fileRef = BD43B4D62A783E8F008239BB /* statistics.swift */; };
		BD54B8822A782619002FB4AE /* Final_Project_Pt__2App.swift in Sources */ = {isa = PBXBuildFile; fileRef = BD54B8812A782619002FB4AE /* Final_Project_Pt__2App.swift */; };
		BD54B8842A782619002FB4AE /* ContentView.swift in Sources */ = {isa = PBXBuildFile; fileRef = BD54B8832A782619002FB4AE /* ContentView.swift */; };
		BD54B8862A78261B002FB4AE /* Assets.xcassets in Resources */ = {isa = PBXBuildFile; fileRef = BD54B8852A78261B002FB4AE /* Assets.xcassets */; };
		BD54B8892A78261B002FB4AE /* Preview Assets.xcassets in Resources */ = {isa = PBXBuildFile; fileRef = BD54B8882A78261B002FB4AE /* Preview Assets.xcassets */; };
		BD6140DC2A79961B00727550 /* science.swift in Sources */ = {isa = PBXBuildFile; fileRef = BD6140DB2A79961B00727550 /* science.swift */; };
		BD7E0DEA2A7ACC32001C6187 /* stats_creations.swift in Sources */ = {isa = PBXBuildFile; fileRef = BD7E0DE92A7ACC32001C6187 /* stats_creations.swift */; };
		BD7E0DEC2A7ACC4C001C6187 /* stats_female.swift in Sources */ = {isa = PBXBuildFile; fileRef = BD7E0DEB2A7ACC4C001C6187 /* stats_female.swift */; };
		BD7E0DEE2A7ACC59001C6187 /* stats_bipoc.swift in Sources */ = {isa = PBXBuildFile; fileRef = BD7E0DED2A7ACC59001C6187 /* stats_bipoc.swift */; };
		BD7E0DF02A7ACCE5001C6187 /* calc_creations.swift in Sources */ = {isa = PBXBuildFile; fileRef = BD7E0DEF2A7ACCE5001C6187 /* calc_creations.swift */; };
		BD7E0DF22A7ACCF8001C6187 /* calc_female.swift in Sources */ = {isa = PBXBuildFile; fileRef = BD7E0DF12A7ACCF8001C6187 /* calc_female.swift */; };
		BD7E0DF42A7ACD04001C6187 /* calc_bipoc.swift in Sources */ = {isa = PBXBuildFile; fileRef = BD7E0DF32A7ACD04001C6187 /* calc_bipoc.swift */; };
		BD7E0DF62A7ACD45001C6187 /* geo_creations.swift in Sources */ = {isa = PBXBuildFile; fileRef = BD7E0DF52A7ACD45001C6187 /* geo_creations.swift */; };
		BD7E0DF82A7ACD52001C6187 /* geo_female.swift in Sources */ = {isa = PBXBuildFile; fileRef = BD7E0DF72A7ACD52001C6187 /* geo_female.swift */; };
		BD7E0DFA2A7ACD61001C6187 /* geo_bipoc.swift in Sources */ = {isa = PBXBuildFile; fileRef = BD7E0DF92A7ACD61001C6187 /* geo_bipoc.swift */; };
		BD7E0DFC2A7ACDB2001C6187 /* alg_creations.swift in Sources */ = {isa = PBXBuildFile; fileRef = BD7E0DFB2A7ACDB2001C6187 /* alg_creations.swift */; };
		BD7E0DFE2A7ACDC2001C6187 /* alg_female.swift in Sources */ = {isa = PBXBuildFile; fileRef = BD7E0DFD2A7ACDC2001C6187 /* alg_female.swift */; };
		BD7E0E002A7ACDE6001C6187 /* alg_bipoc.swift in Sources */ = {isa = PBXBuildFile; fileRef = BD7E0DFF2A7ACDE6001C6187 /* alg_bipoc.swift */; };
		BD7E0E022A7ACDFE001C6187 /* mech_creations.swift in Sources */ = {isa = PBXBuildFile; fileRef = BD7E0E012A7ACDFE001C6187 /* mech_creations.swift */; };
		BD7E0E042A7ACE0E001C6187 /* mech_female.swift in Sources */ = {isa = PBXBuildFile; fileRef = BD7E0E032A7ACE0E001C6187 /* mech_female.swift */; };
		BD7E0E062A7ACE1E001C6187 /* mech_bipoc.swift in Sources */ = {isa = PBXBuildFile; fileRef = BD7E0E052A7ACE1E001C6187 /* mech_bipoc.swift */; };
		BD7E0E082A7ACE43001C6187 /* elec_creations.swift in Sources */ = {isa = PBXBuildFile; fileRef = BD7E0E072A7ACE43001C6187 /* elec_creations.swift */; };
		BD7E0E0A2A7ACE65001C6187 /* elec_female.swift in Sources */ = {isa = PBXBuildFile; fileRef = BD7E0E092A7ACE65001C6187 /* elec_female.swift */; };
		BD7E0E0C2A7ACE79001C6187 /* elec_bipoc.swift in Sources */ = {isa = PBXBuildFile; fileRef = BD7E0E0B2A7ACE79001C6187 /* elec_bipoc.swift */; };
		BD7E0E0E2A7ACEBB001C6187 /* civil_creations.swift in Sources */ = {isa = PBXBuildFile; fileRef = BD7E0E0D2A7ACEBB001C6187 /* civil_creations.swift */; };
		BD7E0E102A7ACEC8001C6187 /* civil_female.swift in Sources */ = {isa = PBXBuildFile; fileRef = BD7E0E0F2A7ACEC8001C6187 /* civil_female.swift */; };
		BD7E0E122A7ACED5001C6187 /* civil_bipoc.swift in Sources */ = {isa = PBXBuildFile; fileRef = BD7E0E112A7ACED5001C6187 /* civil_bipoc.swift */; };
		BD7E0E142A7ACEEB001C6187 /* chemeng_creations.swift in Sources */ = {isa = PBXBuildFile; fileRef = BD7E0E132A7ACEEB001C6187 /* chemeng_creations.swift */; };
		BD7E0E162A7ACEFF001C6187 /* chemeng_female.swift in Sources */ = {isa = PBXBuildFile; fileRef = BD7E0E152A7ACEFF001C6187 /* chemeng_female.swift */; };
		BD7E0E182A7ACF0D001C6187 /* chemeng_bipoc.swift in Sources */ = {isa = PBXBuildFile; fileRef = BD7E0E172A7ACF0D001C6187 /* chemeng_bipoc.swift */; };
		BD7E0E1A2A7ACF86001C6187 /* cyber_creations.swift in Sources */ = {isa = PBXBuildFile; fileRef = BD7E0E192A7ACF86001C6187 /* cyber_creations.swift */; };
		BD7E0E1C2A7ACF98001C6187 /* cyber_female.swift in Sources */ = {isa = PBXBuildFile; fileRef = BD7E0E1B2A7ACF98001C6187 /* cyber_female.swift */; };
		BD7E0E1E2A7ACFA3001C6187 /* cyber_bipoc.swift in Sources */ = {isa = PBXBuildFile; fileRef = BD7E0E1D2A7ACFA3001C6187 /* cyber_bipoc.swift */; };
		BD7E0E202A7ACFB5001C6187 /* data_creations.swift in Sources */ = {isa = PBXBuildFile; fileRef = BD7E0E1F2A7ACFB5001C6187 /* data_creations.swift */; };
		BD7E0E222A7ACFBB001C6187 /* data_female.swift in Sources */ = {isa = PBXBuildFile; fileRef = BD7E0E212A7ACFBB001C6187 /* data_female.swift */; };
		BD7E0E242A7ACFC0001C6187 /* data_bipoc.swift in Sources */ = {isa = PBXBuildFile; fileRef = BD7E0E232A7ACFC0001C6187 /* data_bipoc.swift */; };
		BD7E0E262A7AD00B001C6187 /* vr_creations.swift in Sources */ = {isa = PBXBuildFile; fileRef = BD7E0E252A7AD00B001C6187 /* vr_creations.swift */; };
		BD7E0E282A7AD012001C6187 /* vr_female.swift in Sources */ = {isa = PBXBuildFile; fileRef = BD7E0E272A7AD012001C6187 /* vr_female.swift */; };
		BD7E0E2A2A7AD016001C6187 /* vr_bipoc.swift in Sources */ = {isa = PBXBuildFile; fileRef = BD7E0E292A7AD016001C6187 /* vr_bipoc.swift */; };
		BD7E0E2C2A7AD07C001C6187 /* ai_creations.swift in Sources */ = {isa = PBXBuildFile; fileRef = BD7E0E2B2A7AD07C001C6187 /* ai_creations.swift */; };
		BD7E0E2E2A7AD092001C6187 /* ai_female.swift in Sources */ = {isa = PBXBuildFile; fileRef = BD7E0E2D2A7AD092001C6187 /* ai_female.swift */; };
		BD7E0E302A7AD098001C6187 /* ai_bipoc.swift in Sources */ = {isa = PBXBuildFile; fileRef = BD7E0E2F2A7AD098001C6187 /* ai_bipoc.swift */; };
		BD7E0E322A7AD0AF001C6187 /* cs_creations.swift in Sources */ = {isa = PBXBuildFile; fileRef = BD7E0E312A7AD0AF001C6187 /* cs_creations.swift */; };
		BD7E0E342A7AD0CA001C6187 /* cs_female.swift in Sources */ = {isa = PBXBuildFile; fileRef = BD7E0E332A7AD0CA001C6187 /* cs_female.swift */; };
		BD7E0E362A7AD0D6001C6187 /* cs_bipoc.swift in Sources */ = {isa = PBXBuildFile; fileRef = BD7E0E352A7AD0D6001C6187 /* cs_bipoc.swift */; };
		BDA836252A7AA6E2006DCF30 /* all_articles.swift in Sources */ = {isa = PBXBuildFile; fileRef = BDA836242A7AA6E2006DCF30 /* all_articles.swift */; };
		BDA8362B2A7AC90F006DCF30 /* bio_female.swift in Sources */ = {isa = PBXBuildFile; fileRef = BDA8362A2A7AC90F006DCF30 /* bio_female.swift */; };
		BDA8362D2A7AC922006DCF30 /* bio_bipoc.swift in Sources */ = {isa = PBXBuildFile; fileRef = BDA8362C2A7AC922006DCF30 /* bio_bipoc.swift */; };
		BDA8362F2A7AC969006DCF30 /* chem_creations.swift in Sources */ = {isa = PBXBuildFile; fileRef = BDA8362E2A7AC969006DCF30 /* chem_creations.swift */; };
		BDA836312A7AC987006DCF30 /* chem_female.swift in Sources */ = {isa = PBXBuildFile; fileRef = BDA836302A7AC987006DCF30 /* chem_female.swift */; };
		BDA836332A7AC99D006DCF30 /* chem_bipoc.swift in Sources */ = {isa = PBXBuildFile; fileRef = BDA836322A7AC99D006DCF30 /* chem_bipoc.swift */; };
		BDA836352A7AC9ED006DCF30 /* physics_creations.swift in Sources */ = {isa = PBXBuildFile; fileRef = BDA836342A7AC9ED006DCF30 /* physics_creations.swift */; };
		BDA836372A7ACA23006DCF30 /* physics_female.swift in Sources */ = {isa = PBXBuildFile; fileRef = BDA836362A7ACA23006DCF30 /* physics_female.swift */; };
		BDA836392A7ACA6E006DCF30 /* physics_bipoc.swift in Sources */ = {isa = PBXBuildFile; fileRef = BDA836382A7ACA6E006DCF30 /* physics_bipoc.swift */; };
		BDA8363B2A7ACB11006DCF30 /* astro_creations.swift in Sources */ = {isa = PBXBuildFile; fileRef = BDA8363A2A7ACB11006DCF30 /* astro_creations.swift */; };
		BDA8363D2A7ACB25006DCF30 /* astro_female.swift in Sources */ = {isa = PBXBuildFile; fileRef = BDA8363C2A7ACB25006DCF30 /* astro_female.swift */; };
		BDA8363F2A7ACB47006DCF30 /* astro_bipoc.swift in Sources */ = {isa = PBXBuildFile; fileRef = BDA8363E2A7ACB47006DCF30 /* astro_bipoc.swift */; };
		BDB35E062A7BFF3F00D58ACA /* geo_articles.swift in Sources */ = {isa = PBXBuildFile; fileRef = BDB35E052A7BFF3F00D58ACA /* geo_articles.swift */; };
		BDB35E082A7C01B500D58ACA /* electrical_articles.swift in Sources */ = {isa = PBXBuildFile; fileRef = BDB35E072A7C01B500D58ACA /* electrical_articles.swift */; };
		BDCBD4D82A7955360027F623 /* NewsItem.swift in Sources */ = {isa = PBXBuildFile; fileRef = BDCBD4D72A7955360027F623 /* NewsItem.swift */; };
		BDD48A642A79857A00C9EACE /* testView.swift in Sources */ = {isa = PBXBuildFile; fileRef = BDD48A632A79857A00C9EACE /* testView.swift */; };
		BDE433682A7BF3E400B64C4E /* cs_articles.swift in Sources */ = {isa = PBXBuildFile; fileRef = BDE433672A7BF3E400B64C4E /* cs_articles.swift */; };
/* End PBXBuildFile section */

/* Begin PBXFileReference section */
		BD43B4AD2A78269B008239BB /* About Us.swift */ = {isa = PBXFileReference; lastKnownFileType = sourcecode.swift; path = "About Us.swift"; sourceTree = "<group>"; };
		BD43B4B22A783BCC008239BB /* biology.swift */ = {isa = PBXFileReference; lastKnownFileType = sourcecode.swift; name = biology.swift; path = science/biology.swift; sourceTree = "<group>"; };
		BD43B4B42A783C2C008239BB /* chemistry.swift */ = {isa = PBXFileReference; lastKnownFileType = sourcecode.swift; name = chemistry.swift; path = science/chemistry.swift; sourceTree = SOURCE_ROOT; };
		BD43B4B62A783D12008239BB /* physics.swift */ = {isa = PBXFileReference; lastKnownFileType = sourcecode.swift; name = physics.swift; path = science/physics.swift; sourceTree = SOURCE_ROOT; };
		BD43B4B82A783D1E008239BB /* astronomy.swift */ = {isa = PBXFileReference; lastKnownFileType = sourcecode.swift; name = astronomy.swift; path = science/astronomy.swift; sourceTree = SOURCE_ROOT; };
		BD43B4BA2A783D34008239BB /* comp_sci.swift */ = {isa = PBXFileReference; lastKnownFileType = sourcecode.swift; name = comp_sci.swift; path = tech/comp_sci.swift; sourceTree = "<group>"; };
		BD43B4BC2A783D48008239BB /* ai.swift */ = {isa = PBXFileReference; lastKnownFileType = sourcecode.swift; name = ai.swift; path = tech/ai.swift; sourceTree = "<group>"; };
		BD43B4C22A783DFE008239BB /* virtual_reality.swift */ = {isa = PBXFileReference; lastKnownFileType = sourcecode.swift; name = virtual_reality.swift; path = tech/virtual_reality.swift; sourceTree = "<group>"; };
		BD43B4C42A783E0A008239BB /* data_science.swift */ = {isa = PBXFileReference; lastKnownFileType = sourcecode.swift; name = data_science.swift; path = tech/data_science.swift; sourceTree = "<group>"; };
		BD43B4C62A783E15008239BB /* cybersecurity.swift */ = {isa = PBXFileReference; lastKnownFileType = sourcecode.swift; name = cybersecurity.swift; path = tech/cybersecurity.swift; sourceTree = "<group>"; };
		BD43B4C82A783E25008239BB /* chem_eng.swift */ = {isa = PBXFileReference; lastKnownFileType = sourcecode.swift; name = chem_eng.swift; path = engineering/chem_eng.swift; sourceTree = "<group>"; };
		BD43B4CA2A783E30008239BB /* civil_eng.swift */ = {isa = PBXFileReference; lastKnownFileType = sourcecode.swift; name = civil_eng.swift; path = engineering/civil_eng.swift; sourceTree = "<group>"; };
		BD43B4CC2A783E3E008239BB /* electric_eng.swift */ = {isa = PBXFileReference; lastKnownFileType = sourcecode.swift; name = electric_eng.swift; path = engineering/electric_eng.swift; sourceTree = "<group>"; };
		BD43B4CE2A783E49008239BB /* mech_eng.swift */ = {isa = PBXFileReference; lastKnownFileType = sourcecode.swift; name = mech_eng.swift; path = engineering/mech_eng.swift; sourceTree = "<group>"; };
		BD43B4D02A783E5B008239BB /* algebra.swift */ = {isa = PBXFileReference; lastKnownFileType = sourcecode.swift; name = algebra.swift; path = math/algebra.swift; sourceTree = "<group>"; };
		BD43B4D22A783E67008239BB /* geometry.swift */ = {isa = PBXFileReference; lastKnownFileType = sourcecode.swift; name = geometry.swift; path = math/geometry.swift; sourceTree = "<group>"; };
		BD43B4D42A783E71008239BB /* calculus.swift */ = {isa = PBXFileReference; lastKnownFileType = sourcecode.swift; name = calculus.swift; path = math/calculus.swift; sourceTree = "<group>"; };
		BD43B4D62A783E8F008239BB /* statistics.swift */ = {isa = PBXFileReference; lastKnownFileType = sourcecode.swift; name = statistics.swift; path = math/statistics.swift; sourceTree = "<group>"; };
		BD54B87E2A782619002FB4AE /* Final Project Pt. 2.app */ = {isa = PBXFileReference; explicitFileType = wrapper.application; includeInIndex = 0; path = "Final Project Pt. 2.app"; sourceTree = BUILT_PRODUCTS_DIR; };
		BD54B8812A782619002FB4AE /* Final_Project_Pt__2App.swift */ = {isa = PBXFileReference; lastKnownFileType = sourcecode.swift; path = Final_Project_Pt__2App.swift; sourceTree = "<group>"; };
		BD54B8832A782619002FB4AE /* ContentView.swift */ = {isa = PBXFileReference; lastKnownFileType = sourcecode.swift; path = ContentView.swift; sourceTree = "<group>"; };
		BD54B8852A78261B002FB4AE /* Assets.xcassets */ = {isa = PBXFileReference; lastKnownFileType = folder.assetcatalog; path = Assets.xcassets; sourceTree = "<group>"; };
		BD54B8882A78261B002FB4AE /* Preview Assets.xcassets */ = {isa = PBXFileReference; lastKnownFileType = folder.assetcatalog; path = "Preview Assets.xcassets"; sourceTree = "<group>"; };
		BD6140DB2A79961B00727550 /* science.swift */ = {isa = PBXFileReference; lastKnownFileType = sourcecode.swift; path = science.swift; sourceTree = "<group>"; };
		BD7E0DE92A7ACC32001C6187 /* stats_creations.swift */ = {isa = PBXFileReference; lastKnownFileType = sourcecode.swift; path = stats_creations.swift; sourceTree = "<group>"; };
		BD7E0DEB2A7ACC4C001C6187 /* stats_female.swift */ = {isa = PBXFileReference; lastKnownFileType = sourcecode.swift; path = stats_female.swift; sourceTree = "<group>"; };
		BD7E0DED2A7ACC59001C6187 /* stats_bipoc.swift */ = {isa = PBXFileReference; lastKnownFileType = sourcecode.swift; path = stats_bipoc.swift; sourceTree = "<group>"; };
		BD7E0DEF2A7ACCE5001C6187 /* calc_creations.swift */ = {isa = PBXFileReference; lastKnownFileType = sourcecode.swift; path = calc_creations.swift; sourceTree = "<group>"; };
		BD7E0DF12A7ACCF8001C6187 /* calc_female.swift */ = {isa = PBXFileReference; lastKnownFileType = sourcecode.swift; path = calc_female.swift; sourceTree = "<group>"; };
		BD7E0DF32A7ACD04001C6187 /* calc_bipoc.swift */ = {isa = PBXFileReference; lastKnownFileType = sourcecode.swift; path = calc_bipoc.swift; sourceTree = "<group>"; };
		BD7E0DF52A7ACD45001C6187 /* geo_creations.swift */ = {isa = PBXFileReference; lastKnownFileType = sourcecode.swift; path = geo_creations.swift; sourceTree = "<group>"; };
		BD7E0DF72A7ACD52001C6187 /* geo_female.swift */ = {isa = PBXFileReference; lastKnownFileType = sourcecode.swift; path = geo_female.swift; sourceTree = "<group>"; };
		BD7E0DF92A7ACD61001C6187 /* geo_bipoc.swift */ = {isa = PBXFileReference; lastKnownFileType = sourcecode.swift; path = geo_bipoc.swift; sourceTree = "<group>"; };
		BD7E0DFB2A7ACDB2001C6187 /* alg_creations.swift */ = {isa = PBXFileReference; lastKnownFileType = sourcecode.swift; path = alg_creations.swift; sourceTree = "<group>"; };
		BD7E0DFD2A7ACDC2001C6187 /* alg_female.swift */ = {isa = PBXFileReference; lastKnownFileType = sourcecode.swift; path = alg_female.swift; sourceTree = "<group>"; };
		BD7E0DFF2A7ACDE6001C6187 /* alg_bipoc.swift */ = {isa = PBXFileReference; lastKnownFileType = sourcecode.swift; path = alg_bipoc.swift; sourceTree = "<group>"; };
		BD7E0E012A7ACDFE001C6187 /* mech_creations.swift */ = {isa = PBXFileReference; lastKnownFileType = sourcecode.swift; path = mech_creations.swift; sourceTree = "<group>"; };
		BD7E0E032A7ACE0E001C6187 /* mech_female.swift */ = {isa = PBXFileReference; lastKnownFileType = sourcecode.swift; path = mech_female.swift; sourceTree = "<group>"; };
		BD7E0E052A7ACE1E001C6187 /* mech_bipoc.swift */ = {isa = PBXFileReference; lastKnownFileType = sourcecode.swift; path = mech_bipoc.swift; sourceTree = "<group>"; };
		BD7E0E072A7ACE43001C6187 /* elec_creations.swift */ = {isa = PBXFileReference; lastKnownFileType = sourcecode.swift; path = elec_creations.swift; sourceTree = "<group>"; };
		BD7E0E092A7ACE65001C6187 /* elec_female.swift */ = {isa = PBXFileReference; lastKnownFileType = sourcecode.swift; path = elec_female.swift; sourceTree = "<group>"; };
		BD7E0E0B2A7ACE79001C6187 /* elec_bipoc.swift */ = {isa = PBXFileReference; lastKnownFileType = sourcecode.swift; path = elec_bipoc.swift; sourceTree = "<group>"; };
		BD7E0E0D2A7ACEBB001C6187 /* civil_creations.swift */ = {isa = PBXFileReference; lastKnownFileType = sourcecode.swift; path = civil_creations.swift; sourceTree = "<group>"; };
		BD7E0E0F2A7ACEC8001C6187 /* civil_female.swift */ = {isa = PBXFileReference; lastKnownFileType = sourcecode.swift; path = civil_female.swift; sourceTree = "<group>"; };
		BD7E0E112A7ACED5001C6187 /* civil_bipoc.swift */ = {isa = PBXFileReference; lastKnownFileType = sourcecode.swift; path = civil_bipoc.swift; sourceTree = "<group>"; };
		BD7E0E132A7ACEEB001C6187 /* chemeng_creations.swift */ = {isa = PBXFileReference; lastKnownFileType = sourcecode.swift; path = chemeng_creations.swift; sourceTree = "<group>"; };
		BD7E0E152A7ACEFF001C6187 /* chemeng_female.swift */ = {isa = PBXFileReference; lastKnownFileType = sourcecode.swift; path = chemeng_female.swift; sourceTree = "<group>"; };
		BD7E0E172A7ACF0D001C6187 /* chemeng_bipoc.swift */ = {isa = PBXFileReference; lastKnownFileType = sourcecode.swift; path = chemeng_bipoc.swift; sourceTree = "<group>"; };
		BD7E0E192A7ACF86001C6187 /* cyber_creations.swift */ = {isa = PBXFileReference; lastKnownFileType = sourcecode.swift; path = cyber_creations.swift; sourceTree = "<group>"; };
		BD7E0E1B2A7ACF98001C6187 /* cyber_female.swift */ = {isa = PBXFileReference; lastKnownFileType = sourcecode.swift; path = cyber_female.swift; sourceTree = "<group>"; };
		BD7E0E1D2A7ACFA3001C6187 /* cyber_bipoc.swift */ = {isa = PBXFileReference; lastKnownFileType = sourcecode.swift; path = cyber_bipoc.swift; sourceTree = "<group>"; };
		BD7E0E1F2A7ACFB5001C6187 /* data_creations.swift */ = {isa = PBXFileReference; lastKnownFileType = sourcecode.swift; path = data_creations.swift; sourceTree = "<group>"; };
		BD7E0E212A7ACFBB001C6187 /* data_female.swift */ = {isa = PBXFileReference; lastKnownFileType = sourcecode.swift; path = data_female.swift; sourceTree = "<group>"; };
		BD7E0E232A7ACFC0001C6187 /* data_bipoc.swift */ = {isa = PBXFileReference; lastKnownFileType = sourcecode.swift; path = data_bipoc.swift; sourceTree = "<group>"; };
		BD7E0E252A7AD00B001C6187 /* vr_creations.swift */ = {isa = PBXFileReference; lastKnownFileType = sourcecode.swift; path = vr_creations.swift; sourceTree = "<group>"; };
		BD7E0E272A7AD012001C6187 /* vr_female.swift */ = {isa = PBXFileReference; lastKnownFileType = sourcecode.swift; path = vr_female.swift; sourceTree = "<group>"; };
		BD7E0E292A7AD016001C6187 /* vr_bipoc.swift */ = {isa = PBXFileReference; lastKnownFileType = sourcecode.swift; path = vr_bipoc.swift; sourceTree = "<group>"; };
		BD7E0E2B2A7AD07C001C6187 /* ai_creations.swift */ = {isa = PBXFileReference; lastKnownFileType = sourcecode.swift; path = ai_creations.swift; sourceTree = "<group>"; };
		BD7E0E2D2A7AD092001C6187 /* ai_female.swift */ = {isa = PBXFileReference; lastKnownFileType = sourcecode.swift; path = ai_female.swift; sourceTree = "<group>"; };
		BD7E0E2F2A7AD098001C6187 /* ai_bipoc.swift */ = {isa = PBXFileReference; lastKnownFileType = sourcecode.swift; path = ai_bipoc.swift; sourceTree = "<group>"; };
		BD7E0E312A7AD0AF001C6187 /* cs_creations.swift */ = {isa = PBXFileReference; lastKnownFileType = sourcecode.swift; path = cs_creations.swift; sourceTree = "<group>"; };
		BD7E0E332A7AD0CA001C6187 /* cs_female.swift */ = {isa = PBXFileReference; lastKnownFileType = sourcecode.swift; path = cs_female.swift; sourceTree = "<group>"; };
		BD7E0E352A7AD0D6001C6187 /* cs_bipoc.swift */ = {isa = PBXFileReference; lastKnownFileType = sourcecode.swift; path = cs_bipoc.swift; sourceTree = "<group>"; };
		BDA836242A7AA6E2006DCF30 /* all_articles.swift */ = {isa = PBXFileReference; lastKnownFileType = sourcecode.swift; path = all_articles.swift; sourceTree = "<group>"; };
		BDA8362A2A7AC90F006DCF30 /* bio_female.swift */ = {isa = PBXFileReference; lastKnownFileType = sourcecode.swift; path = bio_female.swift; sourceTree = "<group>"; };
		BDA8362C2A7AC922006DCF30 /* bio_bipoc.swift */ = {isa = PBXFileReference; lastKnownFileType = sourcecode.swift; path = bio_bipoc.swift; sourceTree = "<group>"; };
		BDA8362E2A7AC969006DCF30 /* chem_creations.swift */ = {isa = PBXFileReference; lastKnownFileType = sourcecode.swift; path = chem_creations.swift; sourceTree = "<group>"; };
		BDA836302A7AC987006DCF30 /* chem_female.swift */ = {isa = PBXFileReference; lastKnownFileType = sourcecode.swift; path = chem_female.swift; sourceTree = "<group>"; };
		BDA836322A7AC99D006DCF30 /* chem_bipoc.swift */ = {isa = PBXFileReference; lastKnownFileType = sourcecode.swift; path = chem_bipoc.swift; sourceTree = "<group>"; };
		BDA836342A7AC9ED006DCF30 /* physics_creations.swift */ = {isa = PBXFileReference; lastKnownFileType = sourcecode.swift; path = physics_creations.swift; sourceTree = "<group>"; };
		BDA836362A7ACA23006DCF30 /* physics_female.swift */ = {isa = PBXFileReference; lastKnownFileType = sourcecode.swift; path = physics_female.swift; sourceTree = "<group>"; };
		BDA836382A7ACA6E006DCF30 /* physics_bipoc.swift */ = {isa = PBXFileReference; lastKnownFileType = sourcecode.swift; path = physics_bipoc.swift; sourceTree = "<group>"; };
		BDA8363A2A7ACB11006DCF30 /* astro_creations.swift */ = {isa = PBXFileReference; lastKnownFileType = sourcecode.swift; path = astro_creations.swift; sourceTree = "<group>"; };
		BDA8363C2A7ACB25006DCF30 /* astro_female.swift */ = {isa = PBXFileReference; lastKnownFileType = sourcecode.swift; path = astro_female.swift; sourceTree = "<group>"; };
		BDA8363E2A7ACB47006DCF30 /* astro_bipoc.swift */ = {isa = PBXFileReference; lastKnownFileType = sourcecode.swift; path = astro_bipoc.swift; sourceTree = "<group>"; };
		BDB35E052A7BFF3F00D58ACA /* geo_articles.swift */ = {isa = PBXFileReference; lastKnownFileType = sourcecode.swift; path = geo_articles.swift; sourceTree = "<group>"; };
		BDB35E072A7C01B500D58ACA /* electrical_articles.swift */ = {isa = PBXFileReference; lastKnownFileType = sourcecode.swift; path = electrical_articles.swift; sourceTree = "<group>"; };
		BDCBD4D72A7955360027F623 /* NewsItem.swift */ = {isa = PBXFileReference; lastKnownFileType = sourcecode.swift; path = NewsItem.swift; sourceTree = "<group>"; };
		BDD48A632A79857A00C9EACE /* testView.swift */ = {isa = PBXFileReference; lastKnownFileType = sourcecode.swift; path = testView.swift; sourceTree = "<group>"; };
		BDE433672A7BF3E400B64C4E /* cs_articles.swift */ = {isa = PBXFileReference; lastKnownFileType = sourcecode.swift; path = cs_articles.swift; sourceTree = "<group>"; };
/* End PBXFileReference section */

/* Begin PBXFrameworksBuildPhase section */
		BD54B87B2A782619002FB4AE /* Frameworks */ = {
			isa = PBXFrameworksBuildPhase;
			buildActionMask = 2147483647;
			files = (
			);
			runOnlyForDeploymentPostprocessing = 0;
		};
/* End PBXFrameworksBuildPhase section */

/* Begin PBXGroup section */
		BD54B8752A782619002FB4AE = {
			isa = PBXGroup;
			children = (
				BDA836242A7AA6E2006DCF30 /* all_articles.swift */,
				BDCBD4D72A7955360027F623 /* NewsItem.swift */,
				BD43B4B22A783BCC008239BB /* biology.swift */,
				BDA8362C2A7AC922006DCF30 /* bio_bipoc.swift */,
				BDA8362A2A7AC90F006DCF30 /* bio_female.swift */,
				BD54B8802A782619002FB4AE /* Final Project Pt. 2 */,
				BD54B87F2A782619002FB4AE /* Products */,
			);
			sourceTree = "<group>";
		};
		BD54B87F2A782619002FB4AE /* Products */ = {
			isa = PBXGroup;
			children = (
				BD54B87E2A782619002FB4AE /* Final Project Pt. 2.app */,
			);
			name = Products;
			sourceTree = "<group>";
		};
		BD54B8802A782619002FB4AE /* Final Project Pt. 2 */ = {
			isa = PBXGroup;
			children = (
				BD54B8812A782619002FB4AE /* Final_Project_Pt__2App.swift */,
				BD54B8832A782619002FB4AE /* ContentView.swift */,
				BD43B4D62A783E8F008239BB /* statistics.swift */,
				BD7E0DED2A7ACC59001C6187 /* stats_bipoc.swift */,
				BD7E0DEB2A7ACC4C001C6187 /* stats_female.swift */,
				BD7E0DE92A7ACC32001C6187 /* stats_creations.swift */,
				BD43B4D42A783E71008239BB /* calculus.swift */,
				BD7E0DF32A7ACD04001C6187 /* calc_bipoc.swift */,
				BD7E0DF12A7ACCF8001C6187 /* calc_female.swift */,
				BD7E0DEF2A7ACCE5001C6187 /* calc_creations.swift */,
				BD43B4D22A783E67008239BB /* geometry.swift */,
				BD7E0DF92A7ACD61001C6187 /* geo_bipoc.swift */,
				BDB35E052A7BFF3F00D58ACA /* geo_articles.swift */,
				BD7E0DF72A7ACD52001C6187 /* geo_female.swift */,
				BD7E0DF52A7ACD45001C6187 /* geo_creations.swift */,
				BD43B4D02A783E5B008239BB /* algebra.swift */,
				BD7E0DFF2A7ACDE6001C6187 /* alg_bipoc.swift */,
				BD7E0DFD2A7ACDC2001C6187 /* alg_female.swift */,
				BD7E0DFB2A7ACDB2001C6187 /* alg_creations.swift */,
				BD43B4CE2A783E49008239BB /* mech_eng.swift */,
				BD7E0E052A7ACE1E001C6187 /* mech_bipoc.swift */,
				BD7E0E032A7ACE0E001C6187 /* mech_female.swift */,
				BD7E0E012A7ACDFE001C6187 /* mech_creations.swift */,
				BD43B4CC2A783E3E008239BB /* electric_eng.swift */,
				BDB35E072A7C01B500D58ACA /* electrical_articles.swift */,
				BD7E0E0B2A7ACE79001C6187 /* elec_bipoc.swift */,
				BD7E0E092A7ACE65001C6187 /* elec_female.swift */,
				BD7E0E072A7ACE43001C6187 /* elec_creations.swift */,
				BD43B4CA2A783E30008239BB /* civil_eng.swift */,
				BD7E0E112A7ACED5001C6187 /* civil_bipoc.swift */,
				BD7E0E0F2A7ACEC8001C6187 /* civil_female.swift */,
				BD7E0E0D2A7ACEBB001C6187 /* civil_creations.swift */,
				BD43B4C82A783E25008239BB /* chem_eng.swift */,
				BD7E0E172A7ACF0D001C6187 /* chemeng_bipoc.swift */,
				BD7E0E152A7ACEFF001C6187 /* chemeng_female.swift */,
				BD7E0E132A7ACEEB001C6187 /* chemeng_creations.swift */,
				BD43B4C62A783E15008239BB /* cybersecurity.swift */,
				BD7E0E1D2A7ACFA3001C6187 /* cyber_bipoc.swift */,
				BD7E0E1B2A7ACF98001C6187 /* cyber_female.swift */,
				BD7E0E192A7ACF86001C6187 /* cyber_creations.swift */,
				BD43B4C42A783E0A008239BB /* data_science.swift */,
				BD7E0E1F2A7ACFB5001C6187 /* data_creations.swift */,
				BD7E0E212A7ACFBB001C6187 /* data_female.swift */,
				BD7E0E232A7ACFC0001C6187 /* data_bipoc.swift */,
				BD43B4C22A783DFE008239BB /* virtual_reality.swift */,
				BD7E0E252A7AD00B001C6187 /* vr_creations.swift */,
				BD7E0E272A7AD012001C6187 /* vr_female.swift */,
				BD7E0E292A7AD016001C6187 /* vr_bipoc.swift */,
				BD43B4BC2A783D48008239BB /* ai.swift */,
				BD7E0E2D2A7AD092001C6187 /* ai_female.swift */,
				BD7E0E2F2A7AD098001C6187 /* ai_bipoc.swift */,
				BD7E0E2B2A7AD07C001C6187 /* ai_creations.swift */,
				BD43B4BA2A783D34008239BB /* comp_sci.swift */,
				BD7E0E312A7AD0AF001C6187 /* cs_creations.swift */,
				BDE433672A7BF3E400B64C4E /* cs_articles.swift */,
				BD7E0E332A7AD0CA001C6187 /* cs_female.swift */,
				BD7E0E352A7AD0D6001C6187 /* cs_bipoc.swift */,
				BD43B4B82A783D1E008239BB /* astronomy.swift */,
				BDA8363E2A7ACB47006DCF30 /* astro_bipoc.swift */,
				BDA8363C2A7ACB25006DCF30 /* astro_female.swift */,
				BDA8363A2A7ACB11006DCF30 /* astro_creations.swift */,
				BD43B4B62A783D12008239BB /* physics.swift */,
				BDA836382A7ACA6E006DCF30 /* physics_bipoc.swift */,
				BDA836362A7ACA23006DCF30 /* physics_female.swift */,
				BDA836342A7AC9ED006DCF30 /* physics_creations.swift */,
				BD43B4B42A783C2C008239BB /* chemistry.swift */,
				BDA836322A7AC99D006DCF30 /* chem_bipoc.swift */,
				BDA836302A7AC987006DCF30 /* chem_female.swift */,
				BDA8362E2A7AC969006DCF30 /* chem_creations.swift */,
				BD43B4AD2A78269B008239BB /* About Us.swift */,
				BD6140DB2A79961B00727550 /* science.swift */,
				BDD48A632A79857A00C9EACE /* testView.swift */,
				BD54B8852A78261B002FB4AE /* Assets.xcassets */,
				BD54B8872A78261B002FB4AE /* Preview Content */,
			);
			path = "Final Project Pt. 2";
			sourceTree = "<group>";
		};
		BD54B8872A78261B002FB4AE /* Preview Content */ = {
			isa = PBXGroup;
			children = (
				BD54B8882A78261B002FB4AE /* Preview Assets.xcassets */,
			);
			path = "Preview Content";
			sourceTree = "<group>";
		};
/* End PBXGroup section */

/* Begin PBXNativeTarget section */
		BD54B87D2A782619002FB4AE /* Final Project Pt. 2 */ = {
			isa = PBXNativeTarget;
			buildConfigurationList = BD54B88C2A78261B002FB4AE /* Build configuration list for PBXNativeTarget "Final Project Pt. 2" */;
			buildPhases = (
				BD54B87A2A782619002FB4AE /* Sources */,
				BD54B87B2A782619002FB4AE /* Frameworks */,
				BD54B87C2A782619002FB4AE /* Resources */,
			);
			buildRules = (
			);
			dependencies = (
			);
			name = "Final Project Pt. 2";
			productName = "Final Project Pt. 2";
			productReference = BD54B87E2A782619002FB4AE /* Final Project Pt. 2.app */;
			productType = "com.apple.product-type.application";
		};
/* End PBXNativeTarget section */

/* Begin PBXProject section */
		BD54B8762A782619002FB4AE /* Project object */ = {
			isa = PBXProject;
			attributes = {
				BuildIndependentTargetsInParallel = 1;
				LastSwiftUpdateCheck = 1430;
				LastUpgradeCheck = 1430;
				TargetAttributes = {
					BD54B87D2A782619002FB4AE = {
						CreatedOnToolsVersion = 14.3.1;
					};
				};
			};
			buildConfigurationList = BD54B8792A782619002FB4AE /* Build configuration list for PBXProject "Final Project Pt. 2" */;
			compatibilityVersion = "Xcode 14.0";
			developmentRegion = en;
			hasScannedForEncodings = 0;
			knownRegions = (
				en,
				Base,
			);
			mainGroup = BD54B8752A782619002FB4AE;
			productRefGroup = BD54B87F2A782619002FB4AE /* Products */;
			projectDirPath = "";
			projectRoot = "";
			targets = (
				BD54B87D2A782619002FB4AE /* Final Project Pt. 2 */,
			);
		};
/* End PBXProject section */

/* Begin PBXResourcesBuildPhase section */
		BD54B87C2A782619002FB4AE /* Resources */ = {
			isa = PBXResourcesBuildPhase;
			buildActionMask = 2147483647;
			files = (
				BD54B8892A78261B002FB4AE /* Preview Assets.xcassets in Resources */,
				BD54B8862A78261B002FB4AE /* Assets.xcassets in Resources */,
			);
			runOnlyForDeploymentPostprocessing = 0;
		};
/* End PBXResourcesBuildPhase section */

/* Begin PBXSourcesBuildPhase section */
		BD54B87A2A782619002FB4AE /* Sources */ = {
			isa = PBXSourcesBuildPhase;
			buildActionMask = 2147483647;
			files = (
				BD43B4CB2A783E30008239BB /* civil_eng.swift in Sources */,
				BD7E0DEC2A7ACC4C001C6187 /* stats_female.swift in Sources */,
				BDB35E062A7BFF3F00D58ACA /* geo_articles.swift in Sources */,
				BD54B8842A782619002FB4AE /* ContentView.swift in Sources */,
				BDB35E082A7C01B500D58ACA /* electrical_articles.swift in Sources */,
				BD43B4B72A783D12008239BB /* physics.swift in Sources */,
				BD43B4B32A783BCC008239BB /* biology.swift in Sources */,
				BDA836252A7AA6E2006DCF30 /* all_articles.swift in Sources */,
				BD43B4C52A783E0A008239BB /* data_science.swift in Sources */,
				BD7E0E2A2A7AD016001C6187 /* vr_bipoc.swift in Sources */,
				BD43B4AE2A78269B008239BB /* About Us.swift in Sources */,
				BD7E0E262A7AD00B001C6187 /* vr_creations.swift in Sources */,
				BDD48A642A79857A00C9EACE /* testView.swift in Sources */,
				BD43B4BD2A783D48008239BB /* ai.swift in Sources */,
				BD7E0E322A7AD0AF001C6187 /* cs_creations.swift in Sources */,
				BDA8363F2A7ACB47006DCF30 /* astro_bipoc.swift in Sources */,
				BD7E0DEA2A7ACC32001C6187 /* stats_creations.swift in Sources */,
				BD43B4B92A783D1E008239BB /* astronomy.swift in Sources */,
				BD7E0E1C2A7ACF98001C6187 /* cyber_female.swift in Sources */,
				BD7E0DFC2A7ACDB2001C6187 /* alg_creations.swift in Sources */,
				BD43B4D12A783E5B008239BB /* algebra.swift in Sources */,
				BD7E0DF62A7ACD45001C6187 /* geo_creations.swift in Sources */,
				BDA836392A7ACA6E006DCF30 /* physics_bipoc.swift in Sources */,
				BD7E0DEE2A7ACC59001C6187 /* stats_bipoc.swift in Sources */,
				BD7E0DFA2A7ACD61001C6187 /* geo_bipoc.swift in Sources */,
				BD43B4C72A783E15008239BB /* cybersecurity.swift in Sources */,
				BD7E0E1A2A7ACF86001C6187 /* cyber_creations.swift in Sources */,
				BDA836312A7AC987006DCF30 /* chem_female.swift in Sources */,
				BDA8363B2A7ACB11006DCF30 /* astro_creations.swift in Sources */,
				BD43B4C32A783DFE008239BB /* virtual_reality.swift in Sources */,
				BD54B8822A782619002FB4AE /* Final_Project_Pt__2App.swift in Sources */,
				BD7E0E062A7ACE1E001C6187 /* mech_bipoc.swift in Sources */,
				BD43B4BB2A783D34008239BB /* comp_sci.swift in Sources */,
				BD7E0DF42A7ACD04001C6187 /* calc_bipoc.swift in Sources */,
				BD7E0E002A7ACDE6001C6187 /* alg_bipoc.swift in Sources */,
				BDA836352A7AC9ED006DCF30 /* physics_creations.swift in Sources */,
				BD7E0E042A7ACE0E001C6187 /* mech_female.swift in Sources */,
				BD7E0E0E2A7ACEBB001C6187 /* civil_creations.swift in Sources */,
				BDA8362F2A7AC969006DCF30 /* chem_creations.swift in Sources */,
				BD43B4D52A783E71008239BB /* calculus.swift in Sources */,
				BD7E0DF02A7ACCE5001C6187 /* calc_creations.swift in Sources */,
				BDA8363D2A7ACB25006DCF30 /* astro_female.swift in Sources */,
				BD7E0DFE2A7ACDC2001C6187 /* alg_female.swift in Sources */,
				BD43B4B52A783C2C008239BB /* chemistry.swift in Sources */,
				BD7E0E182A7ACF0D001C6187 /* chemeng_bipoc.swift in Sources */,
				BDE433682A7BF3E400B64C4E /* cs_articles.swift in Sources */,
				BD7E0E222A7ACFBB001C6187 /* data_female.swift in Sources */,
				BD7E0E242A7ACFC0001C6187 /* data_bipoc.swift in Sources */,
				BD7E0E102A7ACEC8001C6187 /* civil_female.swift in Sources */,
				BD7E0E142A7ACEEB001C6187 /* chemeng_creations.swift in Sources */,
				BD7E0E2E2A7AD092001C6187 /* ai_female.swift in Sources */,
				BD7E0E302A7AD098001C6187 /* ai_bipoc.swift in Sources */,
				BD7E0E0C2A7ACE79001C6187 /* elec_bipoc.swift in Sources */,
				BD7E0E282A7AD012001C6187 /* vr_female.swift in Sources */,
				BD7E0E362A7AD0D6001C6187 /* cs_bipoc.swift in Sources */,
				BD43B4C92A783E25008239BB /* chem_eng.swift in Sources */,
				BDA8362D2A7AC922006DCF30 /* bio_bipoc.swift in Sources */,
				BD7E0E1E2A7ACFA3001C6187 /* cyber_bipoc.swift in Sources */,
				BD43B4D32A783E67008239BB /* geometry.swift in Sources */,
				BD7E0E202A7ACFB5001C6187 /* data_creations.swift in Sources */,
				BD43B4CD2A783E3E008239BB /* electric_eng.swift in Sources */,
				BDA836332A7AC99D006DCF30 /* chem_bipoc.swift in Sources */,
				BDCBD4D82A7955360027F623 /* NewsItem.swift in Sources */,
				BD7E0E0A2A7ACE65001C6187 /* elec_female.swift in Sources */,
				BD7E0E2C2A7AD07C001C6187 /* ai_creations.swift in Sources */,
				BDA836372A7ACA23006DCF30 /* physics_female.swift in Sources */,
				BD7E0E022A7ACDFE001C6187 /* mech_creations.swift in Sources */,
				BD7E0E122A7ACED5001C6187 /* civil_bipoc.swift in Sources */,
				BDA8362B2A7AC90F006DCF30 /* bio_female.swift in Sources */,
				BD7E0E162A7ACEFF001C6187 /* chemeng_female.swift in Sources */,
				BD7E0DF82A7ACD52001C6187 /* geo_female.swift in Sources */,
				BD7E0E082A7ACE43001C6187 /* elec_creations.swift in Sources */,
				BD43B4D72A783E8F008239BB /* statistics.swift in Sources */,
				BD43B4CF2A783E49008239BB /* mech_eng.swift in Sources */,
				BD7E0E342A7AD0CA001C6187 /* cs_female.swift in Sources */,
				BD6140DC2A79961B00727550 /* science.swift in Sources */,
				BD7E0DF22A7ACCF8001C6187 /* calc_female.swift in Sources */,
			);
			runOnlyForDeploymentPostprocessing = 0;
		};
/* End PBXSourcesBuildPhase section */

/* Begin XCBuildConfiguration section */
		BD54B88A2A78261B002FB4AE /* Debug */ = {
			isa = XCBuildConfiguration;
			buildSettings = {
				ALWAYS_SEARCH_USER_PATHS = NO;
				CLANG_ANALYZER_NONNULL = YES;
				CLANG_ANALYZER_NUMBER_OBJECT_CONVERSION = YES_AGGRESSIVE;
				CLANG_CXX_LANGUAGE_STANDARD = "gnu++20";
				CLANG_ENABLE_MODULES = YES;
				CLANG_ENABLE_OBJC_ARC = YES;
				CLANG_ENABLE_OBJC_WEAK = YES;
				CLANG_WARN_BLOCK_CAPTURE_AUTORELEASING = YES;
				CLANG_WARN_BOOL_CONVERSION = YES;
				CLANG_WARN_COMMA = YES;
				CLANG_WARN_CONSTANT_CONVERSION = YES;
				CLANG_WARN_DEPRECATED_OBJC_IMPLEMENTATIONS = YES;
				CLANG_WARN_DIRECT_OBJC_ISA_USAGE = YES_ERROR;
				CLANG_WARN_DOCUMENTATION_COMMENTS = YES;
				CLANG_WARN_EMPTY_BODY = YES;
				CLANG_WARN_ENUM_CONVERSION = YES;
				CLANG_WARN_INFINITE_RECURSION = YES;
				CLANG_WARN_INT_CONVERSION = YES;
				CLANG_WARN_NON_LITERAL_NULL_CONVERSION = YES;
				CLANG_WARN_OBJC_IMPLICIT_RETAIN_SELF = YES;
				CLANG_WARN_OBJC_LITERAL_CONVERSION = YES;
				CLANG_WARN_OBJC_ROOT_CLASS = YES_ERROR;
				CLANG_WARN_QUOTED_INCLUDE_IN_FRAMEWORK_HEADER = YES;
				CLANG_WARN_RANGE_LOOP_ANALYSIS = YES;
				CLANG_WARN_STRICT_PROTOTYPES = YES;
				CLANG_WARN_SUSPICIOUS_MOVE = YES;
				CLANG_WARN_UNGUARDED_AVAILABILITY = YES_AGGRESSIVE;
				CLANG_WARN_UNREACHABLE_CODE = YES;
				CLANG_WARN__DUPLICATE_METHOD_MATCH = YES;
				COPY_PHASE_STRIP = NO;
				DEBUG_INFORMATION_FORMAT = dwarf;
				ENABLE_STRICT_OBJC_MSGSEND = YES;
				ENABLE_TESTABILITY = YES;
				GCC_C_LANGUAGE_STANDARD = gnu11;
				GCC_DYNAMIC_NO_PIC = NO;
				GCC_NO_COMMON_BLOCKS = YES;
				GCC_OPTIMIZATION_LEVEL = 0;
				GCC_PREPROCESSOR_DEFINITIONS = (
					"DEBUG=1",
					"$(inherited)",
				);
				GCC_WARN_64_TO_32_BIT_CONVERSION = YES;
				GCC_WARN_ABOUT_RETURN_TYPE = YES_ERROR;
				GCC_WARN_UNDECLARED_SELECTOR = YES;
				GCC_WARN_UNINITIALIZED_AUTOS = YES_AGGRESSIVE;
				GCC_WARN_UNUSED_FUNCTION = YES;
				GCC_WARN_UNUSED_VARIABLE = YES;
				IPHONEOS_DEPLOYMENT_TARGET = 16.4;
				MTL_ENABLE_DEBUG_INFO = INCLUDE_SOURCE;
				MTL_FAST_MATH = YES;
				ONLY_ACTIVE_ARCH = YES;
				SDKROOT = iphoneos;
				SWIFT_ACTIVE_COMPILATION_CONDITIONS = DEBUG;
				SWIFT_OPTIMIZATION_LEVEL = "-Onone";
			};
			name = Debug;
		};
		BD54B88B2A78261B002FB4AE /* Release */ = {
			isa = XCBuildConfiguration;
			buildSettings = {
				ALWAYS_SEARCH_USER_PATHS = NO;
				CLANG_ANALYZER_NONNULL = YES;
				CLANG_ANALYZER_NUMBER_OBJECT_CONVERSION = YES_AGGRESSIVE;
				CLANG_CXX_LANGUAGE_STANDARD = "gnu++20";
				CLANG_ENABLE_MODULES = YES;
				CLANG_ENABLE_OBJC_ARC = YES;
				CLANG_ENABLE_OBJC_WEAK = YES;
				CLANG_WARN_BLOCK_CAPTURE_AUTORELEASING = YES;
				CLANG_WARN_BOOL_CONVERSION = YES;
				CLANG_WARN_COMMA = YES;
				CLANG_WARN_CONSTANT_CONVERSION = YES;
				CLANG_WARN_DEPRECATED_OBJC_IMPLEMENTATIONS = YES;
				CLANG_WARN_DIRECT_OBJC_ISA_USAGE = YES_ERROR;
				CLANG_WARN_DOCUMENTATION_COMMENTS = YES;
				CLANG_WARN_EMPTY_BODY = YES;
				CLANG_WARN_ENUM_CONVERSION = YES;
				CLANG_WARN_INFINITE_RECURSION = YES;
				CLANG_WARN_INT_CONVERSION = YES;
				CLANG_WARN_NON_LITERAL_NULL_CONVERSION = YES;
				CLANG_WARN_OBJC_IMPLICIT_RETAIN_SELF = YES;
				CLANG_WARN_OBJC_LITERAL_CONVERSION = YES;
				CLANG_WARN_OBJC_ROOT_CLASS = YES_ERROR;
				CLANG_WARN_QUOTED_INCLUDE_IN_FRAMEWORK_HEADER = YES;
				CLANG_WARN_RANGE_LOOP_ANALYSIS = YES;
				CLANG_WARN_STRICT_PROTOTYPES = YES;
				CLANG_WARN_SUSPICIOUS_MOVE = YES;
				CLANG_WARN_UNGUARDED_AVAILABILITY = YES_AGGRESSIVE;
				CLANG_WARN_UNREACHABLE_CODE = YES;
				CLANG_WARN__DUPLICATE_METHOD_MATCH = YES;
				COPY_PHASE_STRIP = NO;
				DEBUG_INFORMATION_FORMAT = "dwarf-with-dsym";
				ENABLE_NS_ASSERTIONS = NO;
				ENABLE_STRICT_OBJC_MSGSEND = YES;
				GCC_C_LANGUAGE_STANDARD = gnu11;
				GCC_NO_COMMON_BLOCKS = YES;
				GCC_WARN_64_TO_32_BIT_CONVERSION = YES;
				GCC_WARN_ABOUT_RETURN_TYPE = YES_ERROR;
				GCC_WARN_UNDECLARED_SELECTOR = YES;
				GCC_WARN_UNINITIALIZED_AUTOS = YES_AGGRESSIVE;
				GCC_WARN_UNUSED_FUNCTION = YES;
				GCC_WARN_UNUSED_VARIABLE = YES;
				IPHONEOS_DEPLOYMENT_TARGET = 16.4;
				MTL_ENABLE_DEBUG_INFO = NO;
				MTL_FAST_MATH = YES;
				SDKROOT = iphoneos;
				SWIFT_COMPILATION_MODE = wholemodule;
				SWIFT_OPTIMIZATION_LEVEL = "-O";
				VALIDATE_PRODUCT = YES;
			};
			name = Release;
		};
		BD54B88D2A78261B002FB4AE /* Debug */ = {
			isa = XCBuildConfiguration;
			buildSettings = {
				ASSETCATALOG_COMPILER_APPICON_NAME = AppIcon;
				ASSETCATALOG_COMPILER_GLOBAL_ACCENT_COLOR_NAME = AccentColor;
				CODE_SIGN_STYLE = Automatic;
				CURRENT_PROJECT_VERSION = 1;
				DEVELOPMENT_ASSET_PATHS = "\"Final Project Pt. 2/Preview Content\"";
				ENABLE_PREVIEWS = YES;
				GENERATE_INFOPLIST_FILE = YES;
				INFOPLIST_KEY_UIApplicationSceneManifest_Generation = YES;
				INFOPLIST_KEY_UIApplicationSupportsIndirectInputEvents = YES;
				INFOPLIST_KEY_UILaunchScreen_Generation = YES;
				INFOPLIST_KEY_UISupportedInterfaceOrientations_iPad = "UIInterfaceOrientationPortrait UIInterfaceOrientationPortraitUpsideDown UIInterfaceOrientationLandscapeLeft UIInterfaceOrientationLandscapeRight";
				INFOPLIST_KEY_UISupportedInterfaceOrientations_iPhone = "UIInterfaceOrientationPortrait UIInterfaceOrientationLandscapeLeft UIInterfaceOrientationLandscapeRight";
				LD_RUNPATH_SEARCH_PATHS = (
					"$(inherited)",
					"@executable_path/Frameworks",
				);
				MARKETING_VERSION = 1.0;
				PRODUCT_BUNDLE_IDENTIFIER = KWK;
				PRODUCT_NAME = "$(TARGET_NAME)";
				SWIFT_EMIT_LOC_STRINGS = YES;
				SWIFT_VERSION = 5.0;
				TARGETED_DEVICE_FAMILY = "1,2";
			};
			name = Debug;
		};
		BD54B88E2A78261B002FB4AE /* Release */ = {
			isa = XCBuildConfiguration;
			buildSettings = {
				ASSETCATALOG_COMPILER_APPICON_NAME = AppIcon;
				ASSETCATALOG_COMPILER_GLOBAL_ACCENT_COLOR_NAME = AccentColor;
				CODE_SIGN_STYLE = Automatic;
				CURRENT_PROJECT_VERSION = 1;
				DEVELOPMENT_ASSET_PATHS = "\"Final Project Pt. 2/Preview Content\"";
				ENABLE_PREVIEWS = YES;
				GENERATE_INFOPLIST_FILE = YES;
				INFOPLIST_KEY_UIApplicationSceneManifest_Generation = YES;
				INFOPLIST_KEY_UIApplicationSupportsIndirectInputEvents = YES;
				INFOPLIST_KEY_UILaunchScreen_Generation = YES;
				INFOPLIST_KEY_UISupportedInterfaceOrientations_iPad = "UIInterfaceOrientationPortrait UIInterfaceOrientationPortraitUpsideDown UIInterfaceOrientationLandscapeLeft UIInterfaceOrientationLandscapeRight";
				INFOPLIST_KEY_UISupportedInterfaceOrientations_iPhone = "UIInterfaceOrientationPortrait UIInterfaceOrientationLandscapeLeft UIInterfaceOrientationLandscapeRight";
				LD_RUNPATH_SEARCH_PATHS = (
					"$(inherited)",
					"@executable_path/Frameworks",
				);
				MARKETING_VERSION = 1.0;
				PRODUCT_BUNDLE_IDENTIFIER = KWK;
				PRODUCT_NAME = "$(TARGET_NAME)";
				SWIFT_EMIT_LOC_STRINGS = YES;
				SWIFT_VERSION = 5.0;
				TARGETED_DEVICE_FAMILY = "1,2";
			};
			name = Release;
		};
/* End XCBuildConfiguration section */

/* Begin XCConfigurationList section */
		BD54B8792A782619002FB4AE /* Build configuration list for PBXProject "Final Project Pt. 2" */ = {
			isa = XCConfigurationList;
			buildConfigurations = (
				BD54B88A2A78261B002FB4AE /* Debug */,
				BD54B88B2A78261B002FB4AE /* Release */,
			);
			defaultConfigurationIsVisible = 0;
			defaultConfigurationName = Release;
		};
		BD54B88C2A78261B002FB4AE /* Build configuration list for PBXNativeTarget "Final Project Pt. 2" */ = {
			isa = XCConfigurationList;
			buildConfigurations = (
				BD54B88D2A78261B002FB4AE /* Debug */,
				BD54B88E2A78261B002FB4AE /* Release */,
			);
			defaultConfigurationIsVisible = 0;
			defaultConfigurationName = Release;
		};
/* End XCConfigurationList section */
	};
	rootObject = BD54B8762A782619002FB4AE /* Project object */;
}
